
Microsoft Visual Studio Solution File, Format Version 12.00
# Visual Studio Version 17
VisualStudioVersion = 17.1.32210.238
MinimumVisualStudioVersion = 10.0.40219.1
Project("{FAE04EC0-301F-11D3-BF4B-00C04F79EFBC}") = "Server", "Server\Server.csproj", "{F1C968B8-D064-40F6-AF9F-91A5DFE05DA0}"
EndProject
Project("{FAE04EC0-301F-11D3-BF4B-00C04F79EFBC}") = "Client", "Client\Client.csproj", "{75B1070A-2110-43A0-9A4F-3A3BAB53F806}"
EndProject
Global
	GlobalSection(SolutionConfigurationPlatforms) = preSolution
		Debug|Any CPU = Debug|Any CPU
		Release|Any CPU = Release|Any CPU
	EndGlobalSection
	GlobalSection(ProjectConfigurationPlatforms) = postSolution
		{F1C968B8-D064-40F6-AF9F-91A5DFE05DA0}.Debug|Any CPU.ActiveCfg = Debug|Any CPU
		{F1C968B8-D064-40F6-AF9F-91A5DFE05DA0}.Debug|Any CPU.Build.0 = Debug|Any CPU
		{F1C968B8-D064-40F6-AF9F-91A5DFE05DA0}.Release|Any CPU.ActiveCfg = Release|Any CPU
		{F1C968B8-D064-40F6-AF9F-91A5DFE05DA0}.Release|Any CPU.Build.0 = Release|Any CPU
		{75B1070A-2110-43A0-9A4F-3A3BAB53F806}.Debug|Any CPU.ActiveCfg = Debug|Any CPU
		{75B1070A-2110-43A0-9A4F-3A3BAB53F806}.Debug|Any CPU.Build.0 = Debug|Any CPU
		{75B1070A-2110-43A0-9A4F-3A3BAB53F806}.Release|Any CPU.ActiveCfg = Release|Any CPU
		{75B1070A-2110-43A0-9A4F-3A3BAB53F806}.Release|Any CPU.Build.0 = Release|Any CPU
	EndGlobalSection
	GlobalSection(SolutionProperties) = preSolution
		HideSolutionNode = FALSE
	EndGlobalSection
	GlobalSection(ExtensibilityGlobals) = postSolution
		SolutionGuid = {97009FD7-D4A4-4D87-9F24-DB6336505097}
	EndGlobalSection
EndGlobal
